// !$*UTF8*$!
{
	archiveVersion = 1;
	classes = {
	};
	objectVersion = 55;
	objects = {

/* Begin PBXBuildFile section */
		922FC2BF27A0E6C000607557 /* platzi_courseApp.swift in Sources */ = {isa = PBXBuildFile; fileRef = 922FC2BE27A0E6C000607557 /* platzi_courseApp.swift */; };
		922FC2C127A0E6C000607557 /* ContentView.swift in Sources */ = {isa = PBXBuildFile; fileRef = 922FC2C027A0E6C000607557 /* ContentView.swift */; };
		922FC2C327A0E6C100607557 /* Assets.xcassets in Resources */ = {isa = PBXBuildFile; fileRef = 922FC2C227A0E6C100607557 /* Assets.xcassets */; };
		922FC2C627A0E6C100607557 /* Preview Assets.xcassets in Resources */ = {isa = PBXBuildFile; fileRef = 922FC2C527A0E6C100607557 /* Preview Assets.xcassets */; };
		922FC2D027A0E6C200607557 /* platzi_courseTests.swift in Sources */ = {isa = PBXBuildFile; fileRef = 922FC2CF27A0E6C200607557 /* platzi_courseTests.swift */; };
		922FC2DA27A0E6C200607557 /* platzi_courseUITests.swift in Sources */ = {isa = PBXBuildFile; fileRef = 922FC2D927A0E6C200607557 /* platzi_courseUITests.swift */; };
		922FC2DC27A0E6C200607557 /* platzi_courseUITestsLaunchTests.swift in Sources */ = {isa = PBXBuildFile; fileRef = 922FC2DB27A0E6C200607557 /* platzi_courseUITestsLaunchTests.swift */; };
		922FC2E927A0E7A600607557 /* TextModifiers.swift in Sources */ = {isa = PBXBuildFile; fileRef = 922FC2E827A0E7A500607557 /* TextModifiers.swift */; };
		922FC2EB27A0EC3E00607557 /* Buttons.swift in Sources */ = {isa = PBXBuildFile; fileRef = 922FC2EA27A0EC3E00607557 /* Buttons.swift */; };
		922FC2ED27A0F96800607557 /* Images.swift in Sources */ = {isa = PBXBuildFile; fileRef = 922FC2EC27A0F96800607557 /* Images.swift */; };
		922FC2EF27A0FD4B00607557 /* TextFields.swift in Sources */ = {isa = PBXBuildFile; fileRef = 922FC2EE27A0FD4B00607557 /* TextFields.swift */; };
		922FC2F127A10AEA00607557 /* Dividers.swift in Sources */ = {isa = PBXBuildFile; fileRef = 922FC2F027A10AEA00607557 /* Dividers.swift */; };
		926641D427A2396500C05C28 /* HstackVstack.swift in Sources */ = {isa = PBXBuildFile; fileRef = 926641D327A2396500C05C28 /* HstackVstack.swift */; };
		926641D627A2418500C05C28 /* ZstackPadding.swift in Sources */ = {isa = PBXBuildFile; fileRef = 926641D527A2418500C05C28 /* ZstackPadding.swift */; };
/* End PBXBuildFile section */

/* Begin PBXContainerItemProxy section */
		922FC2CC27A0E6C200607557 /* PBXContainerItemProxy */ = {
			isa = PBXContainerItemProxy;
			containerPortal = 922FC2B327A0E6C000607557 /* Project object */;
			proxyType = 1;
			remoteGlobalIDString = 922FC2BA27A0E6C000607557;
			remoteInfo = platzi_course;
		};
		922FC2D627A0E6C200607557 /* PBXContainerItemProxy */ = {
			isa = PBXContainerItemProxy;
			containerPortal = 922FC2B327A0E6C000607557 /* Project object */;
			proxyType = 1;
			remoteGlobalIDString = 922FC2BA27A0E6C000607557;
			remoteInfo = platzi_course;
		};
/* End PBXContainerItemProxy section */

/* Begin PBXFileReference section */
		922FC2BB27A0E6C000607557 /* platzi_course.app */ = {isa = PBXFileReference; explicitFileType = wrapper.application; includeInIndex = 0; path = platzi_course.app; sourceTree = BUILT_PRODUCTS_DIR; };
		922FC2BE27A0E6C000607557 /* platzi_courseApp.swift */ = {isa = PBXFileReference; lastKnownFileType = sourcecode.swift; path = platzi_courseApp.swift; sourceTree = "<group>"; };
		922FC2C027A0E6C000607557 /* ContentView.swift */ = {isa = PBXFileReference; lastKnownFileType = sourcecode.swift; path = ContentView.swift; sourceTree = "<group>"; };
		922FC2C227A0E6C100607557 /* Assets.xcassets */ = {isa = PBXFileReference; lastKnownFileType = folder.assetcatalog; path = Assets.xcassets; sourceTree = "<group>"; };
		922FC2C527A0E6C100607557 /* Preview Assets.xcassets */ = {isa = PBXFileReference; lastKnownFileType = folder.assetcatalog; path = "Preview Assets.xcassets"; sourceTree = "<group>"; };
		922FC2CB27A0E6C200607557 /* platzi_courseTests.xctest */ = {isa = PBXFileReference; explicitFileType = wrapper.cfbundle; includeInIndex = 0; path = platzi_courseTests.xctest; sourceTree = BUILT_PRODUCTS_DIR; };
		922FC2CF27A0E6C200607557 /* platzi_courseTests.swift */ = {isa = PBXFileReference; lastKnownFileType = sourcecode.swift; path = platzi_courseTests.swift; sourceTree = "<group>"; };
		922FC2D527A0E6C200607557 /* platzi_courseUITests.xctest */ = {isa = PBXFileReference; explicitFileType = wrapper.cfbundle; includeInIndex = 0; path = platzi_courseUITests.xctest; sourceTree = BUILT_PRODUCTS_DIR; };
		922FC2D927A0E6C200607557 /* platzi_courseUITests.swift */ = {isa = PBXFileReference; lastKnownFileType = sourcecode.swift; path = platzi_courseUITests.swift; sourceTree = "<group>"; };
		922FC2DB27A0E6C200607557 /* platzi_courseUITestsLaunchTests.swift */ = {isa = PBXFileReference; lastKnownFileType = sourcecode.swift; path = platzi_courseUITestsLaunchTests.swift; sourceTree = "<group>"; };
		922FC2E827A0E7A500607557 /* TextModifiers.swift */ = {isa = PBXFileReference; lastKnownFileType = sourcecode.swift; path = TextModifiers.swift; sourceTree = "<group>"; };
		922FC2EA27A0EC3E00607557 /* Buttons.swift */ = {isa = PBXFileReference; lastKnownFileType = sourcecode.swift; path = Buttons.swift; sourceTree = "<group>"; };
		922FC2EC27A0F96800607557 /* Images.swift */ = {isa = PBXFileReference; lastKnownFileType = sourcecode.swift; path = Images.swift; sourceTree = "<group>"; };
		922FC2EE27A0FD4B00607557 /* TextFields.swift */ = {isa = PBXFileReference; lastKnownFileType = sourcecode.swift; path = TextFields.swift; sourceTree = "<group>"; };
		922FC2F027A10AEA00607557 /* Dividers.swift */ = {isa = PBXFileReference; lastKnownFileType = sourcecode.swift; path = Dividers.swift; sourceTree = "<group>"; };
		926641D327A2396500C05C28 /* HstackVstack.swift */ = {isa = PBXFileReference; lastKnownFileType = sourcecode.swift; path = HstackVstack.swift; sourceTree = "<group>"; };
		926641D527A2418500C05C28 /* ZstackPadding.swift */ = {isa = PBXFileReference; lastKnownFileType = sourcecode.swift; path = ZstackPadding.swift; sourceTree = "<group>"; };
/* End PBXFileReference section */

/* Begin PBXFrameworksBuildPhase section */
		922FC2B827A0E6C000607557 /* Frameworks */ = {
			isa = PBXFrameworksBuildPhase;
			buildActionMask = 2147483647;
			files = (
			);
			runOnlyForDeploymentPostprocessing = 0;
		};
		922FC2C827A0E6C200607557 /* Frameworks */ = {
			isa = PBXFrameworksBuildPhase;
			buildActionMask = 2147483647;
			files = (
			);
			runOnlyForDeploymentPostprocessing = 0;
		};
		922FC2D227A0E6C200607557 /* Frameworks */ = {
			isa = PBXFrameworksBuildPhase;
			buildActionMask = 2147483647;
			files = (
			);
			runOnlyForDeploymentPostprocessing = 0;
		};
/* End PBXFrameworksBuildPhase section */

/* Begin PBXGroup section */
		922FC2B227A0E6C000607557 = {
			isa = PBXGroup;
			children = (
				922FC2BD27A0E6C000607557 /* platzi_course */,
				922FC2CE27A0E6C200607557 /* platzi_courseTests */,
				922FC2D827A0E6C200607557 /* platzi_courseUITests */,
				922FC2BC27A0E6C000607557 /* Products */,
			);
			sourceTree = "<group>";
		};
		922FC2BC27A0E6C000607557 /* Products */ = {
			isa = PBXGroup;
			children = (
				922FC2BB27A0E6C000607557 /* platzi_course.app */,
				922FC2CB27A0E6C200607557 /* platzi_courseTests.xctest */,
				922FC2D527A0E6C200607557 /* platzi_courseUITests.xctest */,
			);
			name = Products;
			sourceTree = "<group>";
		};
		922FC2BD27A0E6C000607557 /* platzi_course */ = {
			isa = PBXGroup;
			children = (
				922FC2BE27A0E6C000607557 /* platzi_courseApp.swift */,
				922FC2C027A0E6C000607557 /* ContentView.swift */,
				922FC2C227A0E6C100607557 /* Assets.xcassets */,
				922FC2C427A0E6C100607557 /* Preview Content */,
				922FC2E827A0E7A500607557 /* TextModifiers.swift */,
				922FC2EA27A0EC3E00607557 /* Buttons.swift */,
				922FC2EC27A0F96800607557 /* Images.swift */,
				922FC2EE27A0FD4B00607557 /* TextFields.swift */,
				922FC2F027A10AEA00607557 /* Dividers.swift */,
				926641D327A2396500C05C28 /* HstackVstack.swift */,
				926641D527A2418500C05C28 /* ZstackPadding.swift */,
			);
			path = platzi_course;
			sourceTree = "<group>";
		};
		922FC2C427A0E6C100607557 /* Preview Content */ = {
			isa = PBXGroup;
			children = (
				922FC2C527A0E6C100607557 /* Preview Assets.xcassets */,
			);
			path = "Preview Content";
			sourceTree = "<group>";
		};
		922FC2CE27A0E6C200607557 /* platzi_courseTests */ = {
			isa = PBXGroup;
			children = (
				922FC2CF27A0E6C200607557 /* platzi_courseTests.swift */,
			);
			path = platzi_courseTests;
			sourceTree = "<group>";
		};
		922FC2D827A0E6C200607557 /* platzi_courseUITests */ = {
			isa = PBXGroup;
			children = (
				922FC2D927A0E6C200607557 /* platzi_courseUITests.swift */,
				922FC2DB27A0E6C200607557 /* platzi_courseUITestsLaunchTests.swift */,
			);
			path = platzi_courseUITests;
			sourceTree = "<group>";
		};
/* End PBXGroup section */

/* Begin PBXNativeTarget section */
		922FC2BA27A0E6C000607557 /* platzi_course */ = {
			isa = PBXNativeTarget;
			buildConfigurationList = 922FC2DF27A0E6C200607557 /* Build configuration list for PBXNativeTarget "platzi_course" */;
			buildPhases = (
				922FC2B727A0E6C000607557 /* Sources */,
				922FC2B827A0E6C000607557 /* Frameworks */,
				922FC2B927A0E6C000607557 /* Resources */,
			);
			buildRules = (
			);
			dependencies = (
			);
			name = platzi_course;
			productName = platzi_course;
			productReference = 922FC2BB27A0E6C000607557 /* platzi_course.app */;
			productType = "com.apple.product-type.application";
		};
		922FC2CA27A0E6C200607557 /* platzi_courseTests */ = {
			isa = PBXNativeTarget;
			buildConfigurationList = 922FC2E227A0E6C200607557 /* Build configuration list for PBXNativeTarget "platzi_courseTests" */;
			buildPhases = (
				922FC2C727A0E6C200607557 /* Sources */,
				922FC2C827A0E6C200607557 /* Frameworks */,
				922FC2C927A0E6C200607557 /* Resources */,
			);
			buildRules = (
			);
			dependencies = (
				922FC2CD27A0E6C200607557 /* PBXTargetDependency */,
			);
			name = platzi_courseTests;
			productName = platzi_courseTests;
			productReference = 922FC2CB27A0E6C200607557 /* platzi_courseTests.xctest */;
			productType = "com.apple.product-type.bundle.unit-test";
		};
		922FC2D427A0E6C200607557 /* platzi_courseUITests */ = {
			isa = PBXNativeTarget;
			buildConfigurationList = 922FC2E527A0E6C200607557 /* Build configuration list for PBXNativeTarget "platzi_courseUITests" */;
			buildPhases = (
				922FC2D127A0E6C200607557 /* Sources */,
				922FC2D227A0E6C200607557 /* Frameworks */,
				922FC2D327A0E6C200607557 /* Resources */,
			);
			buildRules = (
			);
			dependencies = (
				922FC2D727A0E6C200607557 /* PBXTargetDependency */,
			);
			name = platzi_courseUITests;
			productName = platzi_courseUITests;
			productReference = 922FC2D527A0E6C200607557 /* platzi_courseUITests.xctest */;
			productType = "com.apple.product-type.bundle.ui-testing";
		};
/* End PBXNativeTarget section */

/* Begin PBXProject section */
		922FC2B327A0E6C000607557 /* Project object */ = {
			isa = PBXProject;
			attributes = {
				BuildIndependentTargetsInParallel = 1;
				LastSwiftUpdateCheck = 1320;
				LastUpgradeCheck = 1320;
				TargetAttributes = {
					922FC2BA27A0E6C000607557 = {
						CreatedOnToolsVersion = 13.2.1;
					};
					922FC2CA27A0E6C200607557 = {
						CreatedOnToolsVersion = 13.2.1;
						TestTargetID = 922FC2BA27A0E6C000607557;
					};
					922FC2D427A0E6C200607557 = {
						CreatedOnToolsVersion = 13.2.1;
						TestTargetID = 922FC2BA27A0E6C000607557;
					};
				};
			};
			buildConfigurationList = 922FC2B627A0E6C000607557 /* Build configuration list for PBXProject "platzi_course" */;
			compatibilityVersion = "Xcode 13.0";
			developmentRegion = en;
			hasScannedForEncodings = 0;
			knownRegions = (
				en,
				Base,
			);
			mainGroup = 922FC2B227A0E6C000607557;
			productRefGroup = 922FC2BC27A0E6C000607557 /* Products */;
			projectDirPath = "";
			projectRoot = "";
			targets = (
				922FC2BA27A0E6C000607557 /* platzi_course */,
				922FC2CA27A0E6C200607557 /* platzi_courseTests */,
				922FC2D427A0E6C200607557 /* platzi_courseUITests */,
			);
		};
/* End PBXProject section */

/* Begin PBXResourcesBuildPhase section */
		922FC2B927A0E6C000607557 /* Resources */ = {
			isa = PBXResourcesBuildPhase;
			buildActionMask = 2147483647;
			files = (
				922FC2C627A0E6C100607557 /* Preview Assets.xcassets in Resources */,
				922FC2C327A0E6C100607557 /* Assets.xcassets in Resources */,
			);
			runOnlyForDeploymentPostprocessing = 0;
		};
		922FC2C927A0E6C200607557 /* Resources */ = {
			isa = PBXResourcesBuildPhase;
			buildActionMask = 2147483647;
			files = (
			);
			runOnlyForDeploymentPostprocessing = 0;
		};
		922FC2D327A0E6C200607557 /* Resources */ = {
			isa = PBXResourcesBuildPhase;
			buildActionMask = 2147483647;
			files = (
			);
			runOnlyForDeploymentPostprocessing = 0;
		};
/* End PBXResourcesBuildPhase section */

/* Begin PBXSourcesBuildPhase section */
		922FC2B727A0E6C000607557 /* Sources */ = {
			isa = PBXSourcesBuildPhase;
			buildActionMask = 2147483647;
			files = (
				922FC2C127A0E6C000607557 /* ContentView.swift in Sources */,
				922FC2F127A10AEA00607557 /* Dividers.swift in Sources */,
				922FC2E927A0E7A600607557 /* TextModifiers.swift in Sources */,
				922FC2ED27A0F96800607557 /* Images.swift in Sources */,
				922FC2BF27A0E6C000607557 /* platzi_courseApp.swift in Sources */,
				922FC2EB27A0EC3E00607557 /* Buttons.swift in Sources */,
				922FC2EF27A0FD4B00607557 /* TextFields.swift in Sources */,
				926641D427A2396500C05C28 /* HstackVstack.swift in Sources */,
				926641D627A2418500C05C28 /* ZstackPadding.swift in Sources */,
			);
			runOnlyForDeploymentPostprocessing = 0;
		};
		922FC2C727A0E6C200607557 /* Sources */ = {
			isa = PBXSourcesBuildPhase;
			buildActionMask = 2147483647;
			files = (
				922FC2D027A0E6C200607557 /* platzi_courseTests.swift in Sources */,
			);
			runOnlyForDeploymentPostprocessing = 0;
		};
		922FC2D127A0E6C200607557 /* Sources */ = {
			isa = PBXSourcesBuildPhase;
			buildActionMask = 2147483647;
			files = (
				922FC2DA27A0E6C200607557 /* platzi_courseUITests.swift in Sources */,
				922FC2DC27A0E6C200607557 /* platzi_courseUITestsLaunchTests.swift in Sources */,
			);
			runOnlyForDeploymentPostprocessing = 0;
		};
/* End PBXSourcesBuildPhase section */

/* Begin PBXTargetDependency section */
		922FC2CD27A0E6C200607557 /* PBXTargetDependency */ = {
			isa = PBXTargetDependency;
			target = 922FC2BA27A0E6C000607557 /* platzi_course */;
			targetProxy = 922FC2CC27A0E6C200607557 /* PBXContainerItemProxy */;
		};
		922FC2D727A0E6C200607557 /* PBXTargetDependency */ = {
			isa = PBXTargetDependency;
			target = 922FC2BA27A0E6C000607557 /* platzi_course */;
			targetProxy = 922FC2D627A0E6C200607557 /* PBXContainerItemProxy */;
		};
/* End PBXTargetDependency section */

/* Begin XCBuildConfiguration section */
		922FC2DD27A0E6C200607557 /* Debug */ = {
			isa = XCBuildConfiguration;
			buildSettings = {
				ALWAYS_SEARCH_USER_PATHS = NO;
				CLANG_ANALYZER_NONNULL = YES;
				CLANG_ANALYZER_NUMBER_OBJECT_CONVERSION = YES_AGGRESSIVE;
				CLANG_CXX_LANGUAGE_STANDARD = "gnu++17";
				CLANG_CXX_LIBRARY = "libc++";
				CLANG_ENABLE_MODULES = YES;
				CLANG_ENABLE_OBJC_ARC = YES;
				CLANG_ENABLE_OBJC_WEAK = YES;
				CLANG_WARN_BLOCK_CAPTURE_AUTORELEASING = YES;
				CLANG_WARN_BOOL_CONVERSION = YES;
				CLANG_WARN_COMMA = YES;
				CLANG_WARN_CONSTANT_CONVERSION = YES;
				CLANG_WARN_DEPRECATED_OBJC_IMPLEMENTATIONS = YES;
				CLANG_WARN_DIRECT_OBJC_ISA_USAGE = YES_ERROR;
				CLANG_WARN_DOCUMENTATION_COMMENTS = YES;
				CLANG_WARN_EMPTY_BODY = YES;
				CLANG_WARN_ENUM_CONVERSION = YES;
				CLANG_WARN_INFINITE_RECURSION = YES;
				CLANG_WARN_INT_CONVERSION = YES;
				CLANG_WARN_NON_LITERAL_NULL_CONVERSION = YES;
				CLANG_WARN_OBJC_IMPLICIT_RETAIN_SELF = YES;
				CLANG_WARN_OBJC_LITERAL_CONVERSION = YES;
				CLANG_WARN_OBJC_ROOT_CLASS = YES_ERROR;
				CLANG_WARN_QUOTED_INCLUDE_IN_FRAMEWORK_HEADER = YES;
				CLANG_WARN_RANGE_LOOP_ANALYSIS = YES;
				CLANG_WARN_STRICT_PROTOTYPES = YES;
				CLANG_WARN_SUSPICIOUS_MOVE = YES;
				CLANG_WARN_UNGUARDED_AVAILABILITY = YES_AGGRESSIVE;
				CLANG_WARN_UNREACHABLE_CODE = YES;
				CLANG_WARN__DUPLICATE_METHOD_MATCH = YES;
				COPY_PHASE_STRIP = NO;
				DEBUG_INFORMATION_FORMAT = dwarf;
				ENABLE_STRICT_OBJC_MSGSEND = YES;
				ENABLE_TESTABILITY = YES;
				GCC_C_LANGUAGE_STANDARD = gnu11;
				GCC_DYNAMIC_NO_PIC = NO;
				GCC_NO_COMMON_BLOCKS = YES;
				GCC_OPTIMIZATION_LEVEL = 0;
				GCC_PREPROCESSOR_DEFINITIONS = (
					"DEBUG=1",
					"$(inherited)",
				);
				GCC_WARN_64_TO_32_BIT_CONVERSION = YES;
				GCC_WARN_ABOUT_RETURN_TYPE = YES_ERROR;
				GCC_WARN_UNDECLARED_SELECTOR = YES;
				GCC_WARN_UNINITIALIZED_AUTOS = YES_AGGRESSIVE;
				GCC_WARN_UNUSED_FUNCTION = YES;
				GCC_WARN_UNUSED_VARIABLE = YES;
				IPHONEOS_DEPLOYMENT_TARGET = 15.2;
				MTL_ENABLE_DEBUG_INFO = INCLUDE_SOURCE;
				MTL_FAST_MATH = YES;
				ONLY_ACTIVE_ARCH = YES;
				SDKROOT = iphoneos;
				SWIFT_ACTIVE_COMPILATION_CONDITIONS = DEBUG;
				SWIFT_OPTIMIZATION_LEVEL = "-Onone";
			};
			name = Debug;
		};
		922FC2DE27A0E6C200607557 /* Release */ = {
			isa = XCBuildConfiguration;
			buildSettings = {
				ALWAYS_SEARCH_USER_PATHS = NO;
				CLANG_ANALYZER_NONNULL = YES;
				CLANG_ANALYZER_NUMBER_OBJECT_CONVERSION = YES_AGGRESSIVE;
				CLANG_CXX_LANGUAGE_STANDARD = "gnu++17";
				CLANG_CXX_LIBRARY = "libc++";
				CLANG_ENABLE_MODULES = YES;
				CLANG_ENABLE_OBJC_ARC = YES;
				CLANG_ENABLE_OBJC_WEAK = YES;
				CLANG_WARN_BLOCK_CAPTURE_AUTORELEASING = YES;
				CLANG_WARN_BOOL_CONVERSION = YES;
				CLANG_WARN_COMMA = YES;
				CLANG_WARN_CONSTANT_CONVERSION = YES;
				CLANG_WARN_DEPRECATED_OBJC_IMPLEMENTATIONS = YES;
				CLANG_WARN_DIRECT_OBJC_ISA_USAGE = YES_ERROR;
				CLANG_WARN_DOCUMENTATION_COMMENTS = YES;
				CLANG_WARN_EMPTY_BODY = YES;
				CLANG_WARN_ENUM_CONVERSION = YES;
				CLANG_WARN_INFINITE_RECURSION = YES;
				CLANG_WARN_INT_CONVERSION = YES;
				CLANG_WARN_NON_LITERAL_NULL_CONVERSION = YES;
				CLANG_WARN_OBJC_IMPLICIT_RETAIN_SELF = YES;
				CLANG_WARN_OBJC_LITERAL_CONVERSION = YES;
				CLANG_WARN_OBJC_ROOT_CLASS = YES_ERROR;
				CLANG_WARN_QUOTED_INCLUDE_IN_FRAMEWORK_HEADER = YES;
				CLANG_WARN_RANGE_LOOP_ANALYSIS = YES;
				CLANG_WARN_STRICT_PROTOTYPES = YES;
				CLANG_WARN_SUSPICIOUS_MOVE = YES;
				CLANG_WARN_UNGUARDED_AVAILABILITY = YES_AGGRESSIVE;
				CLANG_WARN_UNREACHABLE_CODE = YES;
				CLANG_WARN__DUPLICATE_METHOD_MATCH = YES;
				COPY_PHASE_STRIP = NO;
				DEBUG_INFORMATION_FORMAT = "dwarf-with-dsym";
				ENABLE_NS_ASSERTIONS = NO;
				ENABLE_STRICT_OBJC_MSGSEND = YES;
				GCC_C_LANGUAGE_STANDARD = gnu11;
				GCC_NO_COMMON_BLOCKS = YES;
				GCC_WARN_64_TO_32_BIT_CONVERSION = YES;
				GCC_WARN_ABOUT_RETURN_TYPE = YES_ERROR;
				GCC_WARN_UNDECLARED_SELECTOR = YES;
				GCC_WARN_UNINITIALIZED_AUTOS = YES_AGGRESSIVE;
				GCC_WARN_UNUSED_FUNCTION = YES;
				GCC_WARN_UNUSED_VARIABLE = YES;
				IPHONEOS_DEPLOYMENT_TARGET = 15.2;
				MTL_ENABLE_DEBUG_INFO = NO;
				MTL_FAST_MATH = YES;
				SDKROOT = iphoneos;
				SWIFT_COMPILATION_MODE = wholemodule;
				SWIFT_OPTIMIZATION_LEVEL = "-O";
				VALIDATE_PRODUCT = YES;
			};
			name = Release;
		};
		922FC2E027A0E6C200607557 /* Debug */ = {
			isa = XCBuildConfiguration;
			buildSettings = {
				ASSETCATALOG_COMPILER_APPICON_NAME = AppIcon;
				ASSETCATALOG_COMPILER_GLOBAL_ACCENT_COLOR_NAME = AccentColor;
				CODE_SIGN_STYLE = Automatic;
				CURRENT_PROJECT_VERSION = 1;
				DEVELOPMENT_ASSET_PATHS = "\"platzi_course/Preview Content\"";
				ENABLE_PREVIEWS = YES;
				GENERATE_INFOPLIST_FILE = YES;
				INFOPLIST_KEY_UIApplicationSceneManifest_Generation = YES;
				INFOPLIST_KEY_UIApplicationSupportsIndirectInputEvents = YES;
				INFOPLIST_KEY_UILaunchScreen_Generation = YES;
				INFOPLIST_KEY_UISupportedInterfaceOrientations_iPad = "UIInterfaceOrientationPortrait UIInterfaceOrientationPortraitUpsideDown UIInterfaceOrientationLandscapeLeft UIInterfaceOrientationLandscapeRight";
				INFOPLIST_KEY_UISupportedInterfaceOrientations_iPhone = "UIInterfaceOrientationPortrait UIInterfaceOrientationLandscapeLeft UIInterfaceOrientationLandscapeRight";
				LD_RUNPATH_SEARCH_PATHS = (
					"$(inherited)",
					"@executable_path/Frameworks",
				);
				MARKETING_VERSION = 1.0;
				PRODUCT_BUNDLE_IDENTIFIER = "com.develop.platzi-course";
				PRODUCT_NAME = "$(TARGET_NAME)";
				SWIFT_EMIT_LOC_STRINGS = YES;
				SWIFT_VERSION = 5.0;
				TARGETED_DEVICE_FAMILY = "1,2";
			};
			name = Debug;
		};
		922FC2E127A0E6C200607557 /* Release */ = {
			isa = XCBuildConfiguration;
			buildSettings = {
				ASSETCATALOG_COMPILER_APPICON_NAME = AppIcon;
				ASSETCATALOG_COMPILER_GLOBAL_ACCENT_COLOR_NAME = AccentColor;
				CODE_SIGN_STYLE = Automatic;
				CURRENT_PROJECT_VERSION = 1;
				DEVELOPMENT_ASSET_PATHS = "\"platzi_course/Preview Content\"";
				ENABLE_PREVIEWS = YES;
				GENERATE_INFOPLIST_FILE = YES;
				INFOPLIST_KEY_UIApplicationSceneManifest_Generation = YES;
				INFOPLIST_KEY_UIApplicationSupportsIndirectInputEvents = YES;
				INFOPLIST_KEY_UILaunchScreen_Generation = YES;
				INFOPLIST_KEY_UISupportedInterfaceOrientations_iPad = "UIInterfaceOrientationPortrait UIInterfaceOrientationPortraitUpsideDown UIInterfaceOrientationLandscapeLeft UIInterfaceOrientationLandscapeRight";
				INFOPLIST_KEY_UISupportedInterfaceOrientations_iPhone = "UIInterfaceOrientationPortrait UIInterfaceOrientationLandscapeLeft UIInterfaceOrientationLandscapeRight";
				LD_RUNPATH_SEARCH_PATHS = (
					"$(inherited)",
					"@executable_path/Frameworks",
				);
				MARKETING_VERSION = 1.0;
				PRODUCT_BUNDLE_IDENTIFIER = "com.develop.platzi-course";
				PRODUCT_NAME = "$(TARGET_NAME)";
				SWIFT_EMIT_LOC_STRINGS = YES;
				SWIFT_VERSION = 5.0;
				TARGETED_DEVICE_FAMILY = "1,2";
			};
			name = Release;
		};
		922FC2E327A0E6C200607557 /* Debug */ = {
			isa = XCBuildConfiguration;
			buildSettings = {
				ALWAYS_EMBED_SWIFT_STANDARD_LIBRARIES = YES;
				BUNDLE_LOADER = "$(TEST_HOST)";
				CODE_SIGN_STYLE = Automatic;
				CURRENT_PROJECT_VERSION = 1;
				GENERATE_INFOPLIST_FILE = YES;
				IPHONEOS_DEPLOYMENT_TARGET = 15.2;
				MARKETING_VERSION = 1.0;
				PRODUCT_BUNDLE_IDENTIFIER = "com.develop.platzi-courseTests";
				PRODUCT_NAME = "$(TARGET_NAME)";
				SWIFT_EMIT_LOC_STRINGS = NO;
				SWIFT_VERSION = 5.0;
				TARGETED_DEVICE_FAMILY = "1,2";
				TEST_HOST = "$(BUILT_PRODUCTS_DIR)/platzi_course.app/platzi_course";
			};
			name = Debug;
		};
		922FC2E427A0E6C200607557 /* Release */ = {
			isa = XCBuildConfiguration;
			buildSettings = {
				ALWAYS_EMBED_SWIFT_STANDARD_LIBRARIES = YES;
				BUNDLE_LOADER = "$(TEST_HOST)";
				CODE_SIGN_STYLE = Automatic;
				CURRENT_PROJECT_VERSION = 1;
				GENERATE_INFOPLIST_FILE = YES;
				IPHONEOS_DEPLOYMENT_TARGET = 15.2;
				MARKETING_VERSION = 1.0;
				PRODUCT_BUNDLE_IDENTIFIER = "com.develop.platzi-courseTests";
				PRODUCT_NAME = "$(TARGET_NAME)";
				SWIFT_EMIT_LOC_STRINGS = NO;
				SWIFT_VERSION = 5.0;
				TARGETED_DEVICE_FAMILY = "1,2";
				TEST_HOST = "$(BUILT_PRODUCTS_DIR)/platzi_course.app/platzi_course";
			};
			name = Release;
		};
		922FC2E627A0E6C200607557 /* Debug */ = {
			isa = XCBuildConfiguration;
			buildSettings = {
				ALWAYS_EMBED_SWIFT_STANDARD_LIBRARIES = YES;
				CODE_SIGN_STYLE = Automatic;
				CURRENT_PROJECT_VERSION = 1;
				GENERATE_INFOPLIST_FILE = YES;
				MARKETING_VERSION = 1.0;
				PRODUCT_BUNDLE_IDENTIFIER = "com.develop.platzi-courseUITests";
				PRODUCT_NAME = "$(TARGET_NAME)";
				SWIFT_EMIT_LOC_STRINGS = NO;
				SWIFT_VERSION = 5.0;
				TARGETED_DEVICE_FAMILY = "1,2";
				TEST_TARGET_NAME = platzi_course;
			};
			name = Debug;
		};
		922FC2E727A0E6C200607557 /* Release */ = {
			isa = XCBuildConfiguration;
			buildSettings = {
				ALWAYS_EMBED_SWIFT_STANDARD_LIBRARIES = YES;
				CODE_SIGN_STYLE = Automatic;
				CURRENT_PROJECT_VERSION = 1;
				GENERATE_INFOPLIST_FILE = YES;
				MARKETING_VERSION = 1.0;
				PRODUCT_BUNDLE_IDENTIFIER = "com.develop.platzi-courseUITests";
				PRODUCT_NAME = "$(TARGET_NAME)";
				SWIFT_EMIT_LOC_STRINGS = NO;
				SWIFT_VERSION = 5.0;
				TARGETED_DEVICE_FAMILY = "1,2";
				TEST_TARGET_NAME = platzi_course;
			};
			name = Release;
		};
/* End XCBuildConfiguration section */

/* Begin XCConfigurationList section */
		922FC2B627A0E6C000607557 /* Build configuration list for PBXProject "platzi_course" */ = {
			isa = XCConfigurationList;
			buildConfigurations = (
				922FC2DD27A0E6C200607557 /* Debug */,
				922FC2DE27A0E6C200607557 /* Release */,
			);
			defaultConfigurationIsVisible = 0;
			defaultConfigurationName = Release;
		};
		922FC2DF27A0E6C200607557 /* Build configuration list for PBXNativeTarget "platzi_course" */ = {
			isa = XCConfigurationList;
			buildConfigurations = (
				922FC2E027A0E6C200607557 /* Debug */,
				922FC2E127A0E6C200607557 /* Release */,
			);
			defaultConfigurationIsVisible = 0;
			defaultConfigurationName = Release;
		};
		922FC2E227A0E6C200607557 /* Build configuration list for PBXNativeTarget "platzi_courseTests" */ = {
			isa = XCConfigurationList;
			buildConfigurations = (
				922FC2E327A0E6C200607557 /* Debug */,
				922FC2E427A0E6C200607557 /* Release */,
			);
			defaultConfigurationIsVisible = 0;
			defaultConfigurationName = Release;
		};
		922FC2E527A0E6C200607557 /* Build configuration list for PBXNativeTarget "platzi_courseUITests" */ = {
			isa = XCConfigurationList;
			buildConfigurations = (
				922FC2E627A0E6C200607557 /* Debug */,
				922FC2E727A0E6C200607557 /* Release */,
			);
			defaultConfigurationIsVisible = 0;
			defaultConfigurationName = Release;
		};
/* End XCConfigurationList section */
	};
	rootObject = 922FC2B327A0E6C000607557 /* Project object */;
}
